<?xml version="1.0" encoding="utf-8"?>
<Project ToolsVersion="4.0" xmlns="http://schemas.microsoft.com/developer/msbuild/2003">
  <ItemGroup>
    <Filter Include="Source Files">
      <UniqueIdentifier>{4FC737F1-C7A5-4376-A066-2A32D752A2FF}</UniqueIdentifier>
      <Extensions>cpp;c;cc;cxx;def;odl;idl;hpj;bat;asm;asmx</Extensions>
    </Filter>
    <Filter Include="Header Files">
      <UniqueIdentifier>{93995380-89BD-4b04-88EB-625FBE52EBFB}</UniqueIdentifier>
      <Extensions>h;hh;hpp;hxx;hm;inl;inc;xsd</Extensions>
    </Filter>
    <Filter Include="Resource Files">
      <UniqueIdentifier>{67DA6AB6-F800-4c08-8B7A-83BB121AAD01}</UniqueIdentifier>
      <Extensions>rc;ico;cur;bmp;dlg;rc2;rct;bin;rgs;gif;jpg;jpeg;jpe;resx;tiff;tif;png;wav;mfcribbon-ms</Extensions>
    </Filter>
  </ItemGroup>
  <ItemGroup>
    <Text Include="ReadMe.txt" />
    <Text Include="Characters.txt" />
    <Text Include="temp.txt" />
    <Text Include="Monsters.txt" />
    <Text Include="tempMon.txt" />
    <Text Include="Battle.txt" />
    <Text Include="TempNPC.txt" />
    <Text Include="NPCs.txt" />
    <Text Include="Storm_Money.txt" />
    <Text Include="Gondola_Money.txt" />
    <Text Include="Zand_Money.txt" />
    <Text Include="tempMoney.txt" />
  </ItemGroup>
  <ItemGroup>
    <ClInclude Include="stdafx.h">
      <Filter>Header Files</Filter>
    </ClInclude>
    <ClInclude Include="targetver.h">
      <Filter>Header Files</Filter>
    </ClInclude>
    <ClInclude Include="Single_Items.h">
      <Filter>Header Files</Filter>
    </ClInclude>
    <ClInclude Include="Dollar.h">
      <Filter>Header Files</Filter>
    </ClInclude>
    <ClInclude Include="Containers.h">
      <Filter>Header Files</Filter>
    </ClInclude>
    <ClInclude Include="Magic_Items.h">
      <Filter>Header Files</Filter>
    </ClInclude>
    <ClInclude Include="Hoard.h">
      <Filter>Header Files</Filter>
    </ClInclude>
    <ClInclude Include="MiscStuff.h">
      <Filter>Header Files</Filter>
    </ClInclude>
    <ClInclude Include="resource.h">
      <Filter>Header Files</Filter>
    </ClInclude>
    <ClInclude Include="Players.h">
      <Filter>Header Files</Filter>
    </ClInclude>
    <ClInclude Include="Monsters.h">
      <Filter>Header Files</Filter>
    </ClInclude>
    <ClInclude Include="DandD.h">
      <Filter>Header Files</Filter>
    </ClInclude>
    <ClInclude Include="Battle_Track.h">
      <Filter>Header Files</Filter>
    </ClInclude>
    <ClInclude Include="NPCs.h">
      <Filter>Header Files</Filter>
    </ClInclude>
    <ClInclude Include="Bank_of_Emon.h">
      <Filter>Header Files</Filter>
    </ClInclude>
  </ItemGroup>
  <ItemGroup>
    <ClCompile Include="stdafx.cpp">
      <Filter>Source Files</Filter>
    </ClCompile>
    <ClCompile Include="RoboticsDandDTracker.cpp">
      <Filter>Source Files</Filter>
    </ClCompile>
    <ClCompile Include="Single_Items.cpp">
      <Filter>Source Files</Filter>
    </ClCompile>
    <ClCompile Include="Dollar.cpp">
      <Filter>Source Files</Filter>
    </ClCompile>
    <ClCompile Include="Containers.cpp">
      <Filter>Source Files</Filter>
    </ClCompile>
    <ClCompile Include="Magic_Items.cpp">
      <Filter>Source Files</Filter>
    </ClCompile>
    <ClCompile Include="Hoard.cpp">
      <Filter>Source Files</Filter>
    </ClCompile>
    <ClCompile Include="MiscStuff.cpp">
      <Filter>Source Files</Filter>
    </ClCompile>
    <ClCompile Include="Players.cpp">
      <Filter>Source Files</Filter>
    </ClCompile>
    <ClCompile Include="Monsters.cpp">
      <Filter>Source Files</Filter>
    </ClCompile>
    <ClCompile Include="Battle_Track.cpp">
      <Filter>Source Files</Filter>
    </ClCompile>
    <ClCompile Include="NPCs.cpp">
      <Filter>Source Files</Filter>
    </ClCompile>
    <ClCompile Include="Bank_of_Emon.cpp">
      <Filter>Source Files</Filter>
    </ClCompile>
  </ItemGroup>
</Project>